{
  "version": 4,
  "terraform_version": "0.13.5",
  "serial": 15,
  "lineage": "4f1bd2f7-e2e7-22d6-7120-5f9f7f12b44e",
  "outputs": {
    "kubernetes_cluster_host": {
      "value": "34.132.187.14",
      "type": "string"
    },
    "kubernetes_cluster_name": {
      "value": "winged-woods-316316-gke",
      "type": "string"
    },
    "project_id": {
      "value": "winged-woods-316316",
      "type": "string"
    },
    "region": {
      "value": "us-central1",
      "type": "string"
    }
  },
  "resources": [
    {
      "mode": "managed",
      "type": "google_compute_network",
      "name": "vpc",
      "provider": "provider[\"registry.terraform.io/hashicorp/google\"]",
      "instances": [
        {
          "schema_version": 0,
          "attributes": {
            "auto_create_subnetworks": false,
            "delete_default_routes_on_create": false,
            "description": "",
            "gateway_ipv4": "",
            "id": "projects/winged-woods-316316/global/networks/winged-woods-316316-vpc",
            "mtu": 0,
            "name": "winged-woods-316316-vpc",
            "project": "winged-woods-316316",
            "routing_mode": "REGIONAL",
            "self_link": "https://www.googleapis.com/compute/v1/projects/winged-woods-316316/global/networks/winged-woods-316316-vpc",
            "timeouts": null
          },
          "private": "eyJlMmJmYjczMC1lY2FhLTExZTYtOGY4OC0zNDM2M2JjN2M0YzAiOnsiY3JlYXRlIjoyNDAwMDAwMDAwMDAsImRlbGV0ZSI6MjQwMDAwMDAwMDAwLCJ1cGRhdGUiOjI0MDAwMDAwMDAwMH19"
        }
      ]
    },
    {
      "mode": "managed",
      "type": "google_compute_subnetwork",
      "name": "subnet",
      "provider": "provider[\"registry.terraform.io/hashicorp/google\"]",
      "instances": [
        {
          "schema_version": 0,
          "attributes": {
            "creation_timestamp": "2021-07-14T09:13:04.736-07:00",
            "description": "",
            "fingerprint": null,
            "gateway_address": "10.10.0.1",
            "id": "projects/winged-woods-316316/regions/us-central1/subnetworks/winged-woods-316316-subnet",
            "ip_cidr_range": "10.10.0.0/24",
            "log_config": [],
            "name": "winged-woods-316316-subnet",
            "network": "https://www.googleapis.com/compute/v1/projects/winged-woods-316316/global/networks/winged-woods-316316-vpc",
            "private_ip_google_access": false,
            "private_ipv6_google_access": "DISABLE_GOOGLE_ACCESS",
            "project": "winged-woods-316316",
            "region": "us-central1",
            "secondary_ip_range": [],
            "self_link": "https://www.googleapis.com/compute/v1/projects/winged-woods-316316/regions/us-central1/subnetworks/winged-woods-316316-subnet",
            "timeouts": null
          },
          "private": "eyJlMmJmYjczMC1lY2FhLTExZTYtOGY4OC0zNDM2M2JjN2M0YzAiOnsiY3JlYXRlIjozNjAwMDAwMDAwMDAsImRlbGV0ZSI6MzYwMDAwMDAwMDAwLCJ1cGRhdGUiOjM2MDAwMDAwMDAwMH19",
          "dependencies": [
            "google_compute_network.vpc"
          ]
        }
      ]
    },
    {
      "mode": "managed",
      "type": "google_container_cluster",
      "name": "primary",
      "provider": "provider[\"registry.terraform.io/hashicorp/google\"]",
      "instances": [
        {
          "schema_version": 1,
          "attributes": {
            "addons_config": [
              {
                "cloudrun_config": [],
                "horizontal_pod_autoscaling": [],
                "http_load_balancing": [],
                "network_policy_config": [
                  {
                    "disabled": true
                  }
                ]
              }
            ],
            "authenticator_groups_config": [],
            "cluster_autoscaling": [
              {
                "auto_provisioning_defaults": [],
                "enabled": false,
                "resource_limits": []
              }
            ],
            "cluster_ipv4_cidr": "10.204.0.0/14",
            "database_encryption": [
              {
                "key_name": "",
                "state": "DECRYPTED"
              }
            ],
            "default_max_pods_per_node": null,
            "description": "",
            "enable_binary_authorization": false,
            "enable_intranode_visibility": null,
            "enable_kubernetes_alpha": false,
            "enable_legacy_abac": false,
            "enable_shielded_nodes": false,
            "enable_tpu": null,
            "endpoint": "34.132.187.14",
            "id": "projects/winged-woods-316316/locations/us-central1/clusters/winged-woods-316316-gke",
            "initial_node_count": 1,
            "instance_group_urls": [],
            "ip_allocation_policy": [],
            "label_fingerprint": "a9dc16a7",
            "location": "us-central1",
            "logging_service": "logging.googleapis.com/kubernetes",
            "maintenance_policy": [],
            "master_auth": [
              {
                "client_certificate": "",
                "client_certificate_config": [
                  {
                    "issue_client_certificate": false
                  }
                ],
                "client_key": "",
                "cluster_ca_certificate": "LS0tLS1CRUdJTiBDRVJUSUZJQ0FURS0tLS0tCk1JSURLekNDQWhPZ0F3SUJBZ0lSQU9GZkFZOGhKaXFTNnY4cXZJLzdRL3N3RFFZSktvWklodmNOQVFFTEJRQXcKTHpFdE1Dc0dBMVVFQXhNa1ltRXpNMkpoTTJJdE4yTm1NeTAwTmpnMUxXRmxOVGd0T0daaE5EVmlNV1UyWkRVMApNQjRYRFRJeE1EY3hOREUxTVRNeU4xb1hEVEkyTURjeE16RTJNVE15TjFvd0x6RXRNQ3NHQTFVRUF4TWtZbUV6Ck0ySmhNMkl0TjJObU15MDBOamcxTFdGbE5UZ3RPR1poTkRWaU1XVTJaRFUwTUlJQklqQU5CZ2txaGtpRzl3MEIKQVFFRkFBT0NBUThBTUlJQkNnS0NBUUVBMGs2YlNkcDcyTmEyOEkzRmJCZHphWDlmb25PYXlMRTR2K1VRUFJpbQo1VlBsRkNHczRzdEF4blRENVU2NE1SaW91OGxUWmJybjUrZUllWGxnaXBrcHhSNS9iQ05ESHlpbUd2a095d3BVClpOUlNiamdXY0IzdXdHNWJRcnNsNUxqYjJQK0hhRnkveWNkVEFyT284VGJsWTJCNEdlR0p5R29sQVBYQm05Vm0KazVvdmo4NmNvRTd6QlVQY09MTUlUMnhCZGUxNjBIdjlqOEZsTEh0V1Fvd3Vvak1BTTJ2QkNENFJQL2FGeW1iaQpva0lGandwOEJnWmxvaGZYMG9vN0l6SU9QZUo0MXFQQnhCamhkTWgyR3Y1MkRlRG9ZSFdUWkU5VVdPZ0JXN2FPCkpWcENscDA5c2g2eG9FNFVQNFdlTW9HUUNHc0lmNVlRY2pZRkl6R0Y0SkgveHdJREFRQUJvMEl3UURBT0JnTlYKSFE4QkFmOEVCQU1DQWdRd0R3WURWUjBUQVFIL0JBVXdBd0VCL3pBZEJnTlZIUTRFRmdRVXFTSitURXR2Zzl0SQp1VitmTE1QcThzYk55U2N3RFFZSktvWklodmNOQVFFTEJRQURnZ0VCQUJOejM1SW41eFQ4MzJWNXBUYlBhNWdYCjNGTnl3ZitmMUZnRXRwbkVkTW9kQ1ZZWWxHdUhoM3RveFhYeGV1UzJteTFXUGMrdU8zdWF1RnBlMVRnNmFDNUIKeTlOZ2dvdVdla2dMTERva2ZyQkl5L3F4ckpNcTdkdStERVh0MzFYU2NzL3pnTzFTQmFzem9PWGR4RlhtWXdKOQpkbW5Mc3RjZTVKMjFTenhrblhIZDM5TFFMQXBtSjhLSDJ5U255emMrK3RNYkMweVViNWF3Q3dLRVdtUmw3MG9XClBMUmh2YzVjRm00MG1PUEhrbS9PUjE4WlFBL3JGanlxMDNJRXJqWE95ajVibFpKN1V3VlF1RnU1NDVZa0ZZc0IKbHlFemJTcG9nWEVXNEVCWTJHZWU4VGRvR2RwMUFnbWc5TnR5VzhZWTZsNjZaL2ZGUGdHMW1ST2tFT09LdjljPQotLS0tLUVORCBDRVJUSUZJQ0FURS0tLS0tCg==",
                "password": "",
                "username": ""
              }
            ],
            "master_authorized_networks_config": [],
            "master_version": "1.19.9-gke.1900",
            "min_master_version": null,
            "monitoring_service": "monitoring.googleapis.com/kubernetes",
            "name": "winged-woods-316316-gke",
            "network": "projects/winged-woods-316316/global/networks/winged-woods-316316-vpc",
            "network_policy": [
              {
                "enabled": false,
                "provider": "PROVIDER_UNSPECIFIED"
              }
            ],
            "node_config": [],
            "node_locations": [
              "us-central1-a",
              "us-central1-b",
              "us-central1-f"
            ],
            "node_pool": [],
            "node_version": "1.19.9-gke.1900",
            "operation": null,
            "pod_security_policy_config": [],
            "private_cluster_config": [],
            "project": "winged-woods-316316",
            "release_channel": [
              {
                "channel": "REGULAR"
              }
            ],
            "remove_default_node_pool": true,
            "resource_labels": null,
            "resource_usage_export_config": [],
            "self_link": "https://container.googleapis.com/v1beta1/projects/winged-woods-316316/locations/us-central1/clusters/winged-woods-316316-gke",
            "services_ipv4_cidr": "10.207.240.0/20",
            "subnetwork": "projects/winged-woods-316316/regions/us-central1/subnetworks/winged-woods-316316-subnet",
            "timeouts": null,
            "vertical_pod_autoscaling": [],
            "workload_identity_config": []
          },
          "private": "eyJlMmJmYjczMC1lY2FhLTExZTYtOGY4OC0zNDM2M2JjN2M0YzAiOnsiY3JlYXRlIjoyNDAwMDAwMDAwMDAwLCJkZWxldGUiOjI0MDAwMDAwMDAwMDAsInJlYWQiOjI0MDAwMDAwMDAwMDAsInVwZGF0ZSI6MzYwMDAwMDAwMDAwMH0sInNjaGVtYV92ZXJzaW9uIjoiMSJ9",
          "dependencies": [
            "google_compute_network.vpc",
            "google_compute_subnetwork.subnet"
          ]
        }
      ]
    },
    {
      "mode": "managed",
      "type": "google_container_node_pool",
      "name": "primary_nodes",
      "provider": "provider[\"registry.terraform.io/hashicorp/google\"]",
      "instances": [
        {
          "schema_version": 1,
          "attributes": {
            "autoscaling": [],
            "cluster": "winged-woods-316316-gke",
            "id": "projects/winged-woods-316316/locations/us-central1/clusters/winged-woods-316316-gke/nodePools/winged-woods-316316-gke-node-pool",
            "initial_node_count": 2,
            "instance_group_urls": [
              "https://www.googleapis.com/compute/v1/projects/winged-woods-316316/zones/us-central1-b/instanceGroupManagers/gke-winged-woods-316-winged-woods-316-287504ab-grp",
              "https://www.googleapis.com/compute/v1/projects/winged-woods-316316/zones/us-central1-f/instanceGroupManagers/gke-winged-woods-316-winged-woods-316-277e6bbd-grp",
              "https://www.googleapis.com/compute/v1/projects/winged-woods-316316/zones/us-central1-a/instanceGroupManagers/gke-winged-woods-316-winged-woods-316-2296923b-grp"
            ],
            "location": "us-central1",
            "management": [
              {
                "auto_repair": true,
                "auto_upgrade": true
              }
            ],
            "max_pods_per_node": null,
            "name": "winged-woods-316316-gke-node-pool",
            "name_prefix": "",
            "node_config": [
              {
                "disk_size_gb": 100,
                "disk_type": "pd-standard",
                "guest_accelerator": [],
                "image_type": "COS_CONTAINERD",
                "labels": {
                  "env": "winged-woods-316316"
                },
                "local_ssd_count": 0,
                "machine_type": "n1-standard-1",
                "metadata": {
                  "disable-legacy-endpoints": "true"
                },
                "min_cpu_platform": "",
                "oauth_scopes": [
                  "https://www.googleapis.com/auth/logging.write",
                  "https://www.googleapis.com/auth/monitoring"
                ],
                "preemptible": false,
                "service_account": "default",
                "shielded_instance_config": [
                  {
                    "enable_integrity_monitoring": true,
                    "enable_secure_boot": false
                  }
                ],
                "tags": [
                  "gke-node",
                  "winged-woods-316316-gke"
                ],
                "taint": [],
                "workload_metadata_config": []
              }
            ],
            "node_count": 2,
            "node_locations": [
              "us-central1-a",
              "us-central1-b",
              "us-central1-f"
            ],
            "project": "winged-woods-316316",
            "timeouts": null,
            "upgrade_settings": [
              {
                "max_surge": 1,
                "max_unavailable": 0
              }
            ],
            "version": "1.19.9-gke.1900"
          },
          "private": "eyJlMmJmYjczMC1lY2FhLTExZTYtOGY4OC0zNDM2M2JjN2M0YzAiOnsiY3JlYXRlIjoxODAwMDAwMDAwMDAwLCJkZWxldGUiOjE4MDAwMDAwMDAwMDAsInVwZGF0ZSI6MTgwMDAwMDAwMDAwMH0sInNjaGVtYV92ZXJzaW9uIjoiMSJ9",
          "dependencies": [
            "google_compute_network.vpc",
            "google_compute_subnetwork.subnet",
            "google_container_cluster.primary"
          ]
        }
      ]
    }
  ]
}
