{
  "version": 4,
  "terraform_version": "0.13.5",
  "serial": 53,
  "lineage": "78a436d9-70db-1599-5c2a-1337600f7cad",
  "outputs": {
    "lb_ip": {
      "value": "34.70.136.228",
      "type": "string"
    }
  },
  "resources": [
    {
      "mode": "data",
      "type": "google_client_config",
      "name": "default",
      "provider": "provider[\"registry.terraform.io/hashicorp/google\"]",
      "instances": [
        {
          "schema_version": 0,
          "attributes": {
            "access_token": "ya29.a0ARrdaM8BKDXOoQohV3TXqBSDWrrfY5oQwAQKirm3PbV9UvAJFzH8f_HytRqFq8AN4xxE0GZnjD2VoHFhAXz3HdOBuqEjowMb5xJ73S-DwACTb1epJJxASNyDqjkcEd8pcaX5xgss68hi55MAorvjKH1un3BrPQ",
            "id": "projects/winged-woods-316316/regions/us-central1/zones/",
            "project": "winged-woods-316316",
            "region": "us-central1",
            "zone": ""
          }
        }
      ]
    },
    {
      "mode": "data",
      "type": "google_container_cluster",
      "name": "my_cluster",
      "provider": "provider[\"registry.terraform.io/hashicorp/google\"]",
      "instances": [
        {
          "schema_version": 0,
          "attributes": {
            "addons_config": [
              {
                "cloudrun_config": [],
                "horizontal_pod_autoscaling": [],
                "http_load_balancing": [],
                "network_policy_config": [
                  {
                    "disabled": true
                  }
                ]
              }
            ],
            "authenticator_groups_config": [],
            "cluster_autoscaling": [
              {
                "auto_provisioning_defaults": [],
                "enabled": false,
                "resource_limits": []
              }
            ],
            "cluster_ipv4_cidr": "10.204.0.0/14",
            "database_encryption": [
              {
                "key_name": "",
                "state": "DECRYPTED"
              }
            ],
            "default_max_pods_per_node": null,
            "description": "",
            "enable_binary_authorization": false,
            "enable_intranode_visibility": null,
            "enable_kubernetes_alpha": false,
            "enable_legacy_abac": false,
            "enable_shielded_nodes": false,
            "enable_tpu": null,
            "endpoint": "35.192.175.209",
            "id": "projects/winged-woods-316316/locations/us-central1/clusters/winged-woods-316316-gke",
            "initial_node_count": 1,
            "instance_group_urls": [
              "https://www.googleapis.com/compute/v1/projects/winged-woods-316316/zones/us-central1-f/instanceGroups/gke-winged-woods-316-winged-woods-316-ccde776c-grp",
              "https://www.googleapis.com/compute/v1/projects/winged-woods-316316/zones/us-central1-a/instanceGroups/gke-winged-woods-316-winged-woods-316-e9901d3b-grp",
              "https://www.googleapis.com/compute/v1/projects/winged-woods-316316/zones/us-central1-c/instanceGroups/gke-winged-woods-316-winged-woods-316-6e704c14-grp"
            ],
            "ip_allocation_policy": [],
            "label_fingerprint": "a9dc16a7",
            "location": "us-central1",
            "logging_service": "logging.googleapis.com/kubernetes",
            "maintenance_policy": [],
            "master_auth": [
              {
                "client_certificate": "",
                "client_certificate_config": [
                  {
                    "issue_client_certificate": false
                  }
                ],
                "client_key": "",
                "cluster_ca_certificate": "LS0tLS1CRUdJTiBDRVJUSUZJQ0FURS0tLS0tCk1JSURLekNDQWhPZ0F3SUJBZ0lSQUlKNFQ5d3JNQmdETGVWZ0VWYXhKSFl3RFFZSktvWklodmNOQVFFTEJRQXcKTHpFdE1Dc0dBMVVFQXhNa1lXVXpaR1ZrWkdVdE9UYzFZeTAwTXpsaUxUZzNaakF0TVRVelptSXhNV1psWWprMApNQjRYRFRJeE1EY3hOekUwTlRreU0xb1hEVEkyTURjeE5qRTFOVGt5TTFvd0x6RXRNQ3NHQTFVRUF4TWtZV1V6ClpHVmtaR1V0T1RjMVl5MDBNemxpTFRnM1pqQXRNVFV6Wm1JeE1XWmxZamswTUlJQklqQU5CZ2txaGtpRzl3MEIKQVFFRkFBT0NBUThBTUlJQkNnS0NBUUVBc3NTSXNOSlJ6M1BmblVBR0tBTmRLY3owV0FXMlRzWCtraHVRZU93SwpzUjZ3eUpJTGh2bVo3cWxjS2xDQTBwWlh4MXp6QWFuVVpXUTBBVktEV09TSUF6NjA3T1htS21ad3Z4cnEvb2tuCnhQZHY2aG4zdENvME53aFJVVDNIdlM5bjgzZ3BjajVnamxSd2E2K0tydjhoVTlkbVRqUHBSdy9obFkvZmRVdlkKZWJZekIxNkJEY3pDZFhURnEraGVFK3F4dStKSngvZ0pqOTBUTDZ3T0VsRnIvb0F2NkFmQmVmNkZ2ZmlEcVlmVwpkbDl1Y1hGNjQrdjlQTmhURVl5ekNzUzluKzRZS2c2R3Q4UVRTWWZsT2QxSGMwV1ZJRTlhSk1pWnVEcmpLVS9hClROQ0d2Qk9oSU5oZ0o4Z1RmRm1vcmR5cVNXTjdhRjBmMWtHSDY1OTIrNkRSeHdJREFRQUJvMEl3UURBT0JnTlYKSFE4QkFmOEVCQU1DQWdRd0R3WURWUjBUQVFIL0JBVXdBd0VCL3pBZEJnTlZIUTRFRmdRVVJVa25rcUlQVXdUcgo3dU1KZkFmeXUwTllnc293RFFZSktvWklodmNOQVFFTEJRQURnZ0VCQUZ6Q05DcnNCdDBBakZ1UkJPUHVpWGNNCi9Jell3TE5XMURoZHc2elZLMXRKS1ZoeFhDWDFPaTFqcENHRHA4RzlnRnY5RE8yalRZWGdzS1RxNUhrN0ZlSGQKTmg5SlpWRmx2dnM5SjZ6aStJaklJd3BjbEVjMXRyYWRBSU1JUGtyem9GKzNxUkxWbllTUGMwcEh3c0c3aEx3MQo0aFZ2ZVJhUkcyb203a2pMMEpYNTNnRnpLeVhDckFEc2txVlNXYmtxdWJVV0EwWEQ0L3VSeEhubWxpWUhTeGdmCitKdHZEK1QwVWNQQi9SbHFTb2N0MU9NbTIxQ3ptdDFYUmVkbVFrZ3J4dldFTllhQkdGK3BwZytsYkRPVmZHRWUKZGgrNW8xR2tkRS9ZR3R3TXYxUWZnMFNUbEt0bE1hMm9EOVF5RDh2OS9hYktEVENpdmJEVHNPY3JsYWJ0T3g4PQotLS0tLUVORCBDRVJUSUZJQ0FURS0tLS0tCg==",
                "password": "",
                "username": ""
              }
            ],
            "master_authorized_networks_config": [],
            "master_version": "1.19.9-gke.1900",
            "min_master_version": null,
            "monitoring_service": "monitoring.googleapis.com/kubernetes",
            "name": "winged-woods-316316-gke",
            "network": "projects/winged-woods-316316/global/networks/winged-woods-316316-vpc",
            "network_policy": [
              {
                "enabled": false,
                "provider": "PROVIDER_UNSPECIFIED"
              }
            ],
            "node_config": [
              {
                "disk_size_gb": 100,
                "disk_type": "pd-standard",
                "guest_accelerator": [],
                "image_type": "COS_CONTAINERD",
                "labels": {
                  "env": "winged-woods-316316"
                },
                "local_ssd_count": 0,
                "machine_type": "n1-standard-1",
                "metadata": {
                  "disable-legacy-endpoints": "true"
                },
                "min_cpu_platform": "",
                "oauth_scopes": [
                  "https://www.googleapis.com/auth/logging.write",
                  "https://www.googleapis.com/auth/monitoring"
                ],
                "preemptible": false,
                "service_account": "default",
                "shielded_instance_config": [
                  {
                    "enable_integrity_monitoring": true,
                    "enable_secure_boot": false
                  }
                ],
                "tags": [
                  "gke-node",
                  "winged-woods-316316-gke"
                ],
                "taint": [],
                "workload_metadata_config": []
              }
            ],
            "node_locations": [
              "us-central1-a",
              "us-central1-c",
              "us-central1-f"
            ],
            "node_pool": [
              {
                "autoscaling": [],
                "initial_node_count": 2,
                "instance_group_urls": [
                  "https://www.googleapis.com/compute/v1/projects/winged-woods-316316/zones/us-central1-f/instanceGroupManagers/gke-winged-woods-316-winged-woods-316-ccde776c-grp",
                  "https://www.googleapis.com/compute/v1/projects/winged-woods-316316/zones/us-central1-a/instanceGroupManagers/gke-winged-woods-316-winged-woods-316-e9901d3b-grp",
                  "https://www.googleapis.com/compute/v1/projects/winged-woods-316316/zones/us-central1-c/instanceGroupManagers/gke-winged-woods-316-winged-woods-316-6e704c14-grp"
                ],
                "management": [
                  {
                    "auto_repair": true,
                    "auto_upgrade": true
                  }
                ],
                "max_pods_per_node": 0,
                "name": "winged-woods-316316-gke-node-pool",
                "name_prefix": "",
                "node_config": [
                  {
                    "disk_size_gb": 100,
                    "disk_type": "pd-standard",
                    "guest_accelerator": [],
                    "image_type": "COS_CONTAINERD",
                    "labels": {
                      "env": "winged-woods-316316"
                    },
                    "local_ssd_count": 0,
                    "machine_type": "n1-standard-1",
                    "metadata": {
                      "disable-legacy-endpoints": "true"
                    },
                    "min_cpu_platform": "",
                    "oauth_scopes": [
                      "https://www.googleapis.com/auth/logging.write",
                      "https://www.googleapis.com/auth/monitoring"
                    ],
                    "preemptible": false,
                    "service_account": "default",
                    "shielded_instance_config": [
                      {
                        "enable_integrity_monitoring": true,
                        "enable_secure_boot": false
                      }
                    ],
                    "tags": [
                      "gke-node",
                      "winged-woods-316316-gke"
                    ],
                    "taint": [],
                    "workload_metadata_config": []
                  }
                ],
                "node_count": 2,
                "node_locations": [
                  "us-central1-a",
                  "us-central1-c",
                  "us-central1-f"
                ],
                "upgrade_settings": [
                  {
                    "max_surge": 1,
                    "max_unavailable": 0
                  }
                ],
                "version": "1.19.9-gke.1900"
              }
            ],
            "node_version": "1.19.9-gke.1900",
            "operation": null,
            "pod_security_policy_config": null,
            "private_cluster_config": [],
            "project": "winged-woods-316316",
            "release_channel": [
              {
                "channel": "REGULAR"
              }
            ],
            "remove_default_node_pool": null,
            "resource_labels": {},
            "resource_usage_export_config": [],
            "self_link": "https://container.googleapis.com/v1beta1/projects/winged-woods-316316/locations/us-central1/clusters/winged-woods-316316-gke",
            "services_ipv4_cidr": "10.207.240.0/20",
            "subnetwork": "projects/winged-woods-316316/regions/us-central1/subnetworks/winged-woods-316316-subnet",
            "vertical_pod_autoscaling": [],
            "workload_identity_config": []
          }
        }
      ]
    },
    {
      "mode": "data",
      "type": "terraform_remote_state",
      "name": "gke",
      "provider": "provider[\"terraform.io/builtin/terraform\"]",
      "instances": [
        {
          "schema_version": 0,
          "attributes": {
            "backend": "local",
            "config": {
              "value": {
                "path": "../learn-terraform-provision-gke-cluster-master/terraform.tfstate"
              },
              "type": [
                "object",
                {
                  "path": "string"
                }
              ]
            },
            "defaults": null,
            "outputs": {
              "value": {
                "kubernetes_cluster_host": "35.192.175.209",
                "kubernetes_cluster_name": "winged-woods-316316-gke",
                "project_id": "winged-woods-316316",
                "region": "us-central1"
              },
              "type": [
                "object",
                {
                  "kubernetes_cluster_host": "string",
                  "kubernetes_cluster_name": "string",
                  "project_id": "string",
                  "region": "string"
                }
              ]
            },
            "workspace": null
          }
        }
      ]
    },
    {
      "mode": "managed",
      "type": "google_cloud_scheduler_job",
      "name": "job",
      "provider": "provider[\"registry.terraform.io/hashicorp/google\"]",
      "instances": [
        {
          "schema_version": 0,
          "attributes": {
            "app_engine_http_target": [],
            "attempt_deadline": "320s",
            "description": "Trigger the function-test2 Cloud Function every day at 7am",
            "http_target": [
              {
                "body": "",
                "headers": null,
                "http_method": "GET",
                "oauth_token": [],
                "oidc_token": [
                  {
                    "audience": "https://us-central1-winged-woods-316316.cloudfunctions.net/function-test2",
                    "service_account_email": "test5-300@winged-woods-316316.iam.gserviceaccount.com"
                  }
                ],
                "uri": "https://us-central1-winged-woods-316316.cloudfunctions.net/function-test2"
              }
            ],
            "id": "projects/winged-woods-316316/locations/us-central1/jobs/cloud-function-tutorial-scheduler",
            "name": "cloud-function-tutorial-scheduler",
            "project": "winged-woods-316316",
            "pubsub_target": [],
            "region": "us-central1",
            "retry_config": [],
            "schedule": "0 7 * * *",
            "time_zone": "Europe/Dublin",
            "timeouts": null
          },
          "private": "eyJlMmJmYjczMC1lY2FhLTExZTYtOGY4OC0zNDM2M2JjN2M0YzAiOnsiY3JlYXRlIjoyNDAwMDAwMDAwMDAsImRlbGV0ZSI6MjQwMDAwMDAwMDAwfX0=",
          "dependencies": [
            "data.terraform_remote_state.gke",
            "google_cloudfunctions_function.function",
            "google_service_account.sa"
          ]
        }
      ]
    },
    {
      "mode": "managed",
      "type": "google_cloudfunctions_function",
      "name": "function",
      "provider": "provider[\"registry.terraform.io/hashicorp/google\"]",
      "instances": [
        {
          "schema_version": 0,
          "attributes": {
            "available_memory_mb": 128,
            "build_environment_variables": null,
            "description": "My function",
            "entry_point": "helloWorld",
            "environment_variables": {
              "MY_ENV_VAR": "my-env-var-value",
              "URL": "34.70.136.228"
            },
            "event_trigger": [],
            "https_trigger_url": "https://us-central1-winged-woods-316316.cloudfunctions.net/function-test2",
            "id": "projects/winged-woods-316316/locations/us-central1/functions/function-test2",
            "ingress_settings": "ALLOW_ALL",
            "labels": {
              "my-label": "my-label-value"
            },
            "max_instances": 0,
            "name": "function-test2",
            "project": "winged-woods-316316",
            "region": "us-central1",
            "runtime": "nodejs10",
            "service_account_email": "winged-woods-316316@appspot.gserviceaccount.com",
            "source_archive_bucket": "test-lisa6",
            "source_archive_object": "index.zip",
            "source_repository": [],
            "timeout": 60,
            "timeouts": null,
            "trigger_http": true,
            "vpc_connector": "",
            "vpc_connector_egress_settings": ""
          },
          "private": "eyJlMmJmYjczMC1lY2FhLTExZTYtOGY4OC0zNDM2M2JjN2M0YzAiOnsiY3JlYXRlIjozMDAwMDAwMDAwMDAsImRlbGV0ZSI6MzAwMDAwMDAwMDAwLCJyZWFkIjozMDAwMDAwMDAwMDAsInVwZGF0ZSI6MzAwMDAwMDAwMDAwfX0=",
          "dependencies": [
            "data.google_client_config.default",
            "data.google_container_cluster.my_cluster",
            "data.terraform_remote_state.gke",
            "google_storage_bucket.bucket",
            "google_storage_bucket_object.archive",
            "kubernetes_deployment.nginx",
            "kubernetes_service.nginx"
          ]
        }
      ]
    },
    {
      "mode": "managed",
      "type": "google_cloudfunctions_function_iam_member",
      "name": "invoker",
      "provider": "provider[\"registry.terraform.io/hashicorp/google\"]",
      "instances": [
        {
          "schema_version": 0,
          "attributes": {
            "cloud_function": "projects/winged-woods-316316/locations/us-central1/functions/function-test2",
            "condition": [],
            "etag": "BwXHVL5zdRo=",
            "id": "projects/winged-woods-316316/locations/us-central1/functions/function-test2/roles/cloudfunctions.invoker/serviceaccount:test5-300@winged-woods-316316.iam.gserviceaccount.com",
            "member": "serviceAccount:test5-300@winged-woods-316316.iam.gserviceaccount.com",
            "project": "winged-woods-316316",
            "region": "us-central1",
            "role": "roles/cloudfunctions.invoker"
          },
          "private": "bnVsbA==",
          "dependencies": [
            "data.terraform_remote_state.gke",
            "google_cloudfunctions_function.function",
            "google_service_account.sa"
          ]
        }
      ]
    },
    {
      "mode": "managed",
      "type": "google_service_account",
      "name": "sa",
      "provider": "provider[\"registry.terraform.io/hashicorp/google\"]",
      "instances": [
        {
          "schema_version": 0,
          "attributes": {
            "account_id": "test5-300",
            "description": "",
            "display_name": "A service account that only Jane can use",
            "email": "test5-300@winged-woods-316316.iam.gserviceaccount.com",
            "id": "projects/winged-woods-316316/serviceAccounts/test5-300@winged-woods-316316.iam.gserviceaccount.com",
            "name": "projects/winged-woods-316316/serviceAccounts/test5-300@winged-woods-316316.iam.gserviceaccount.com",
            "project": "winged-woods-316316",
            "timeouts": null,
            "unique_id": "111189363908842040071"
          },
          "private": "eyJlMmJmYjczMC1lY2FhLTExZTYtOGY4OC0zNDM2M2JjN2M0YzAiOnsiY3JlYXRlIjozMDAwMDAwMDAwMDB9fQ==",
          "dependencies": [
            "data.terraform_remote_state.gke"
          ]
        }
      ]
    },
    {
      "mode": "managed",
      "type": "google_storage_bucket",
      "name": "bucket",
      "provider": "provider[\"registry.terraform.io/hashicorp/google\"]",
      "instances": [
        {
          "schema_version": 0,
          "attributes": {
            "bucket_policy_only": false,
            "cors": [],
            "default_event_based_hold": false,
            "encryption": [],
            "force_destroy": false,
            "id": "test-lisa6",
            "labels": {},
            "lifecycle_rule": [],
            "location": "US",
            "logging": [],
            "name": "test-lisa6",
            "project": "winged-woods-316316",
            "requester_pays": false,
            "retention_policy": [],
            "self_link": "https://www.googleapis.com/storage/v1/b/test-lisa6",
            "storage_class": "STANDARD",
            "uniform_bucket_level_access": false,
            "url": "gs://test-lisa6",
            "versioning": [],
            "website": []
          },
          "private": "bnVsbA==",
          "dependencies": [
            "data.terraform_remote_state.gke"
          ]
        }
      ]
    },
    {
      "mode": "managed",
      "type": "google_storage_bucket_object",
      "name": "archive",
      "provider": "provider[\"registry.terraform.io/hashicorp/google\"]",
      "instances": [
        {
          "schema_version": 0,
          "attributes": {
            "bucket": "test-lisa6",
            "cache_control": "",
            "content": null,
            "content_disposition": "",
            "content_encoding": "",
            "content_language": "",
            "content_type": "application/zip",
            "crc32c": "5fsX8w==",
            "detect_md5hash": "SLmv7llC4KqGMsxbo+skvg==",
            "id": "test-lisa6-index.zip",
            "md5hash": "SLmv7llC4KqGMsxbo+skvg==",
            "media_link": "https://storage.googleapis.com/download/storage/v1/b/test-lisa6/o/index.zip?generation=1626541021187180\u0026alt=media",
            "metadata": {},
            "name": "index.zip",
            "output_name": "index.zip",
            "self_link": "https://www.googleapis.com/storage/v1/b/test-lisa6/o/index.zip",
            "source": "gcp/function.zip",
            "storage_class": "STANDARD"
          },
          "private": "bnVsbA==",
          "dependencies": [
            "data.terraform_remote_state.gke",
            "google_storage_bucket.bucket"
          ]
        }
      ]
    },
    {
      "mode": "managed",
      "type": "kubernetes_deployment",
      "name": "nginx",
      "provider": "provider[\"registry.terraform.io/hashicorp/kubernetes\"]",
      "instances": [
        {
          "schema_version": 1,
          "attributes": {
            "id": "default/scalable-nginx-example",
            "metadata": [
              {
                "annotations": {},
                "generate_name": "",
                "generation": 1,
                "labels": {
                  "App": "ScalableNginxExample"
                },
                "name": "scalable-nginx-example",
                "namespace": "default",
                "resource_version": "27654",
                "uid": "49724174-2570-4c53-a3c8-13861ae4ca73"
              }
            ],
            "spec": [
              {
                "min_ready_seconds": 0,
                "paused": false,
                "progress_deadline_seconds": 600,
                "replicas": "2",
                "revision_history_limit": 10,
                "selector": [
                  {
                    "match_expressions": [],
                    "match_labels": {
                      "App": "ScalableNginxExample"
                    }
                  }
                ],
                "strategy": [
                  {
                    "rolling_update": [
                      {
                        "max_surge": "25%",
                        "max_unavailable": "25%"
                      }
                    ],
                    "type": "RollingUpdate"
                  }
                ],
                "template": [
                  {
                    "metadata": [
                      {
                        "annotations": {},
                        "generate_name": "",
                        "generation": 0,
                        "labels": {
                          "App": "ScalableNginxExample"
                        },
                        "name": "",
                        "namespace": "",
                        "resource_version": "",
                        "uid": ""
                      }
                    ],
                    "spec": [
                      {
                        "active_deadline_seconds": 0,
                        "affinity": [],
                        "automount_service_account_token": true,
                        "container": [
                          {
                            "args": [],
                            "command": [],
                            "env": [],
                            "env_from": [],
                            "image": "registry.gitlab.com/l_oulmi/sample-app:741bd7ad",
                            "image_pull_policy": "IfNotPresent",
                            "lifecycle": [],
                            "liveness_probe": [],
                            "name": "example",
                            "port": [
                              {
                                "container_port": 80,
                                "host_ip": "",
                                "host_port": 0,
                                "name": "",
                                "protocol": "TCP"
                              }
                            ],
                            "readiness_probe": [],
                            "resources": [
                              {
                                "limits": {
                                  "cpu": "500m",
                                  "memory": "512Mi"
                                },
                                "requests": {
                                  "cpu": "250m",
                                  "memory": "50Mi"
                                }
                              }
                            ],
                            "security_context": [],
                            "startup_probe": [],
                            "stdin": false,
                            "stdin_once": false,
                            "termination_message_path": "/dev/termination-log",
                            "termination_message_policy": "File",
                            "tty": false,
                            "volume_mount": [],
                            "working_dir": ""
                          }
                        ],
                        "dns_config": [],
                        "dns_policy": "ClusterFirst",
                        "enable_service_links": true,
                        "host_aliases": [],
                        "host_ipc": false,
                        "host_network": false,
                        "host_pid": false,
                        "hostname": "",
                        "image_pull_secrets": [],
                        "init_container": [],
                        "node_name": "",
                        "node_selector": {},
                        "priority_class_name": "",
                        "readiness_gate": [],
                        "restart_policy": "Always",
                        "security_context": [],
                        "service_account_name": "",
                        "share_process_namespace": false,
                        "subdomain": "",
                        "termination_grace_period_seconds": 30,
                        "toleration": [],
                        "topology_spread_constraint": [],
                        "volume": []
                      }
                    ]
                  }
                ]
              }
            ],
            "timeouts": null,
            "wait_for_rollout": true
          },
          "private": "eyJlMmJmYjczMC1lY2FhLTExZTYtOGY4OC0zNDM2M2JjN2M0YzAiOnsiY3JlYXRlIjo2MDAwMDAwMDAwMDAsImRlbGV0ZSI6NjAwMDAwMDAwMDAwLCJ1cGRhdGUiOjYwMDAwMDAwMDAwMH0sInNjaGVtYV92ZXJzaW9uIjoiMSJ9",
          "dependencies": [
            "data.google_client_config.default",
            "data.google_container_cluster.my_cluster",
            "data.terraform_remote_state.gke"
          ]
        }
      ]
    },
    {
      "mode": "managed",
      "type": "kubernetes_service",
      "name": "nginx",
      "provider": "provider[\"registry.terraform.io/hashicorp/kubernetes\"]",
      "instances": [
        {
          "schema_version": 1,
          "attributes": {
            "id": "default/nginx-example",
            "metadata": [
              {
                "annotations": {},
                "generate_name": "",
                "generation": 0,
                "labels": {},
                "name": "nginx-example",
                "namespace": "default",
                "resource_version": "28059",
                "uid": "b0f6d32b-95a9-4772-a67e-efcc3045333a"
              }
            ],
            "spec": [
              {
                "cluster_ip": "10.207.242.88",
                "external_ips": [],
                "external_name": "",
                "external_traffic_policy": "Cluster",
                "health_check_node_port": 0,
                "load_balancer_ip": "",
                "load_balancer_source_ranges": [],
                "port": [
                  {
                    "name": "",
                    "node_port": 30257,
                    "port": 80,
                    "protocol": "TCP",
                    "target_port": "80"
                  }
                ],
                "publish_not_ready_addresses": false,
                "selector": {
                  "App": "ScalableNginxExample"
                },
                "session_affinity": "None",
                "type": "LoadBalancer"
              }
            ],
            "status": [
              {
                "load_balancer": [
                  {
                    "ingress": [
                      {
                        "hostname": "",
                        "ip": "34.70.136.228"
                      }
                    ]
                  }
                ]
              }
            ],
            "timeouts": null,
            "wait_for_load_balancer": true
          },
          "private": "eyJlMmJmYjczMC1lY2FhLTExZTYtOGY4OC0zNDM2M2JjN2M0YzAiOnsiY3JlYXRlIjo2MDAwMDAwMDAwMDB9LCJzY2hlbWFfdmVyc2lvbiI6IjEifQ==",
          "dependencies": [
            "data.google_client_config.default",
            "data.google_container_cluster.my_cluster",
            "data.terraform_remote_state.gke",
            "kubernetes_deployment.nginx"
          ]
        }
      ]
    }
  ]
}
